# @generated by Move, please check-in and do not edit manually.

[move]
version = 3
manifest_digest = "CCD1B93AF659E337EB9A846E38712DE8525E1765CB457819D866C86A3BA5E3F7"
deps_digest = "060AD7E57DFB13104F21BE5F5C3759D03F0553FC3229247D9A7A6B45F50D03A3"
dependencies = [
  { id = "Bridge", name = "Bridge" },
  { id = "Sui", name = "Sui" },
  { id = "SuiSystem", name = "SuiSystem" },
]

[[move.package]]
id = "Bridge"
source = { git = "https://github.com/MystenLabs/sui.git", rev = "framework/testnet", subdir = "crates/sui-framework/packages/bridge" }

dependencies = [
  { id = "MoveStdlib", name = "MoveStdlib" },
  { id = "Sui", name = "Sui" },
  { id = "SuiSystem", name = "SuiSystem" },
]

[[move.package]]
id = "MoveStdlib"
source = { git = "https://github.com/MystenLabs/sui.git", rev = "framework/testnet", subdir = "crates/sui-framework/packages/move-stdlib" }

[[move.package]]
id = "Sui"
source = { git = "https://github.com/MystenLabs/sui.git", rev = "framework/testnet", subdir = "crates/sui-framework/packages/sui-framework" }

dependencies = [
  { id = "MoveStdlib", name = "MoveStdlib" },
]

[[move.package]]
id = "SuiSystem"
source = { git = "https://github.com/MystenLabs/sui.git", rev = "framework/testnet", subdir = "crates/sui-framework/packages/sui-system" }

dependencies = [
  { id = "MoveStdlib", name = "MoveStdlib" },
  { id = "Sui", name = "Sui" },
]

[move.toolchain-version]
compiler-version = "1.49.2"
edition = "2024"
flavor = "sui"

[env]

[env.testnet]
chain-id = "4c78adac"
original-published-id = "0x8755189ed417b5478bae65a9315dac08c250950359ffc4e0c6e01d89b883cb5e"
latest-published-id = "0x8755189ed417b5478bae65a9315dac08c250950359ffc4e0c6e01d89b883cb5e"
published-version = "1"

[env.mainnet]
chain-id = "35834a8a"
original-published-id = "0x5c67326d96aa593599722a174b1f358036f3b6ee3a42eccf3065aa02d9ecc666"
latest-published-id = "0x5c67326d96aa593599722a174b1f358036f3b6ee3a42eccf3065aa02d9ecc666"
published-version = "1"
